
Microsoft Visual Studio Solution File, Format Version 12.00
# Visual Studio 15
VisualStudioVersion = 15.0.27703.2035
MinimumVisualStudioVersion = 10.0.40219.1
Project("{FAE04EC0-301F-11D3-BF4B-00C04F79EFBC}") = "Limitsiz Defter", "Limitsiz Defter\Limitsiz Defter.csproj", "{A264D0CC-1412-4A03-A944-030FE8CE7062}"
EndProject
Global
	GlobalSection(SolutionConfigurationPlatforms) = preSolution
		Debug|Any CPU = Debug|Any CPU
		Release|Any CPU = Release|Any CPU
	EndGlobalSection
	GlobalSection(ProjectConfigurationPlatforms) = postSolution
		{A264D0CC-1412-4A03-A944-030FE8CE7062}.Debug|Any CPU.ActiveCfg = Debug|Any CPU
		{A264D0CC-1412-4A03-A944-030FE8CE7062}.Debug|Any CPU.Build.0 = Debug|Any CPU
		{A264D0CC-1412-4A03-A944-030FE8CE7062}.Release|Any CPU.ActiveCfg = Release|Any CPU
		{A264D0CC-1412-4A03-A944-030FE8CE7062}.Release|Any CPU.Build.0 = Release|Any CPU
	EndGlobalSection
	GlobalSection(SolutionProperties) = preSolution
		HideSolutionNode = FALSE
	EndGlobalSection
	GlobalSection(ExtensibilityGlobals) = postSolution
		SolutionGuid = {D9D74A8C-F330-47C5-9EDD-BDE39F47B5EA}
	EndGlobalSection
EndGlobal
